
Microsoft Visual Studio Solution File, Format Version 12.00
# Visual Studio 15
VisualStudioVersion = 15.0.28307.421
MinimumVisualStudioVersion = 10.0.40219.1
Project("{9A19103F-16F7-4668-BE54-9A1E7A4F7556}") = "CarShareV1", "CarShareV1\CarShareV1.csproj", "{B072707D-8239-4301-912D-D0CEC954F87A}"
EndProject
Project("{FAE04EC0-301F-11D3-BF4B-00C04F79EFBC}") = "CarShare.Data", "CarShare.Data\CarShare.Data.csproj", "{37B5B2FE-ACCE-481E-8852-DB0FB22F2FA1}"
EndProject
Global
	GlobalSection(SolutionConfigurationPlatforms) = preSolution
		Debug|Any CPU = Debug|Any CPU
		Release|Any CPU = Release|Any CPU
	EndGlobalSection
	GlobalSection(ProjectConfigurationPlatforms) = postSolution
		{B072707D-8239-4301-912D-D0CEC954F87A}.Debug|Any CPU.ActiveCfg = Debug|Any CPU
		{B072707D-8239-4301-912D-D0CEC954F87A}.Debug|Any CPU.Build.0 = Debug|Any CPU
		{B072707D-8239-4301-912D-D0CEC954F87A}.Release|Any CPU.ActiveCfg = Release|Any CPU
		{B072707D-8239-4301-912D-D0CEC954F87A}.Release|Any CPU.Build.0 = Release|Any CPU
		{37B5B2FE-ACCE-481E-8852-DB0FB22F2FA1}.Debug|Any CPU.ActiveCfg = Debug|Any CPU
		{37B5B2FE-ACCE-481E-8852-DB0FB22F2FA1}.Debug|Any CPU.Build.0 = Debug|Any CPU
		{37B5B2FE-ACCE-481E-8852-DB0FB22F2FA1}.Release|Any CPU.ActiveCfg = Release|Any CPU
		{37B5B2FE-ACCE-481E-8852-DB0FB22F2FA1}.Release|Any CPU.Build.0 = Release|Any CPU
	EndGlobalSection
	GlobalSection(SolutionProperties) = preSolution
		HideSolutionNode = FALSE
	EndGlobalSection
	GlobalSection(ExtensibilityGlobals) = postSolution
		SolutionGuid = {94956154-B852-4B1B-ACB2-A29A87373505}
	EndGlobalSection
EndGlobal
